
Microsoft Visual Studio Solution File, Format Version 12.00
# Visual Studio 14
VisualStudioVersion = 14.0.25420.1
MinimumVisualStudioVersion = 10.0.40219.1
Project("{E24C65DC-7377-472B-9ABA-BC803B73C61A}") = "proyectopizzeria", ".", "{4B28E0E5-45A9-4959-B11B-EBB9FC07EE5B}"
	ProjectSection(WebsiteProperties) = preProject
		TargetFrameworkMoniker = ".NETFramework,Version%3Dv4.5.2"
		Debug.AspNetCompiler.VirtualPath = "/localhost_60427"
		Debug.AspNetCompiler.PhysicalPath = "D:\DWES\proyectopizzeria\"
		Debug.AspNetCompiler.TargetPath = "PrecompiledWeb\localhost_60427\"
		Debug.AspNetCompiler.Updateable = "true"
		Debug.AspNetCompiler.ForceOverwrite = "true"
		Debug.AspNetCompiler.FixedNames = "false"
		Debug.AspNetCompiler.Debug = "True"
		Release.AspNetCompiler.VirtualPath = "/localhost_60427"
		Release.AspNetCompiler.PhysicalPath = "D:\DWES\proyectopizzeria\"
		Release.AspNetCompiler.TargetPath = "PrecompiledWeb\localhost_60427\"
		Release.AspNetCompiler.Updateable = "true"
		Release.AspNetCompiler.ForceOverwrite = "true"
		Release.AspNetCompiler.FixedNames = "false"
		Release.AspNetCompiler.Debug = "False"
		VWDPort = "60427"
	EndProjectSection
EndProject
Global
	GlobalSection(SolutionConfigurationPlatforms) = preSolution
		Debug|Any CPU = Debug|Any CPU
	EndGlobalSection
	GlobalSection(ProjectConfigurationPlatforms) = postSolution
		{4B28E0E5-45A9-4959-B11B-EBB9FC07EE5B}.Debug|Any CPU.ActiveCfg = Debug|Any CPU
		{4B28E0E5-45A9-4959-B11B-EBB9FC07EE5B}.Debug|Any CPU.Build.0 = Debug|Any CPU
	EndGlobalSection
	GlobalSection(SolutionProperties) = preSolution
		HideSolutionNode = FALSE
	EndGlobalSection
EndGlobal
